
Microsoft Visual Studio Solution File, Format Version 12.00
# Visual Studio Version 17
VisualStudioVersion = 17.5.33530.505
MinimumVisualStudioVersion = 10.0.40219.1
Project("{FAE04EC0-301F-11D3-BF4B-00C04F79EFBC}") = "WebApplication1", "WebApplication1.csproj", "{D9290C5E-59F6-4447-BA4A-751FAB93D344}"
EndProject
Global
	GlobalSection(SolutionConfigurationPlatforms) = preSolution
		Debug|Any CPU = Debug|Any CPU
		Release|Any CPU = Release|Any CPU
	EndGlobalSection
	GlobalSection(ProjectConfigurationPlatforms) = postSolution
		{D9290C5E-59F6-4447-BA4A-751FAB93D344}.Debug|Any CPU.ActiveCfg = Debug|Any CPU
		{D9290C5E-59F6-4447-BA4A-751FAB93D344}.Debug|Any CPU.Build.0 = Debug|Any CPU
		{D9290C5E-59F6-4447-BA4A-751FAB93D344}.Release|Any CPU.ActiveCfg = Release|Any CPU
		{D9290C5E-59F6-4447-BA4A-751FAB93D344}.Release|Any CPU.Build.0 = Release|Any CPU
	EndGlobalSection
	GlobalSection(SolutionProperties) = preSolution
		HideSolutionNode = FALSE
	EndGlobalSection
	GlobalSection(ExtensibilityGlobals) = postSolution
		SolutionGuid = {45F99B67-F6D6-47AB-A6C3-11312769025A}
	EndGlobalSection
EndGlobal
